Microsoft Visual Studio Solution File, Format Version 12.00
# Visual Studio Version 17
VisualStudioVersion = 17.0.31903.59
MinimumVisualStudioVersion = 10.0.40219.1
Project("{FAE04EC0-301F-11D3-BF4B-00C04F79EFBC}") = "TestPrototype", "TestPrototype\TestPrototype\TestPrototype.csproj", "{05AED20A-815E-4E3A-8DCB-C8D95A3FCF89}"
EndProject
Project("{FAE04EC0-301F-11D3-BF4B-00C04F79EFBC}") = "TestPrototype.Client", "TestPrototype\TestPrototype.Client\TestPrototype.Client.csproj", "{829CA86F-1E97-41A7-9C4E-5537E5D85F8B}"
EndProject
Project("{FAE04EC0-301F-11D3-BF4B-00C04F79EFBC}") = "TestPrototype.SharedUI", "TestPrototype\TestPrototype.SharedUI\TestPrototype.SharedUI.csproj", "{1F7746A3-81CD-4879-8B42-A1F6ED8492F0}"
EndProject
Global
	GlobalSection(SolutionConfigurationPlatforms) = preSolution
		Debug|Any CPU = Debug|Any CPU
		Debug|x64 = Debug|x64
		Debug|x86 = Debug|x86
		Release|Any CPU = Release|Any CPU
		Release|x64 = Release|x64
		Release|x86 = Release|x86
	EndGlobalSection
	GlobalSection(ProjectConfigurationPlatforms) = postSolution
		{05AED20A-815E-4E3A-8DCB-C8D95A3FCF89}.Debug|Any CPU.ActiveCfg = Debug|Any CPU
		{05AED20A-815E-4E3A-8DCB-C8D95A3FCF89}.Debug|Any CPU.Build.0 = Debug|Any CPU
		{05AED20A-815E-4E3A-8DCB-C8D95A3FCF89}.Debug|x64.ActiveCfg = Debug|Any CPU
		{05AED20A-815E-4E3A-8DCB-C8D95A3FCF89}.Debug|x64.Build.0 = Debug|Any CPU
		{05AED20A-815E-4E3A-8DCB-C8D95A3FCF89}.Debug|x86.ActiveCfg = Debug|Any CPU
		{05AED20A-815E-4E3A-8DCB-C8D95A3FCF89}.Debug|x86.Build.0 = Debug|Any CPU
		{05AED20A-815E-4E3A-8DCB-C8D95A3FCF89}.Release|Any CPU.ActiveCfg = Release|Any CPU
		{05AED20A-815E-4E3A-8DCB-C8D95A3FCF89}.Release|Any CPU.Build.0 = Release|Any CPU
		{05AED20A-815E-4E3A-8DCB-C8D95A3FCF89}.Release|x64.ActiveCfg = Release|Any CPU
		{05AED20A-815E-4E3A-8DCB-C8D95A3FCF89}.Release|x64.Build.0 = Release|Any CPU
		{05AED20A-815E-4E3A-8DCB-C8D95A3FCF89}.Release|x86.ActiveCfg = Release|Any CPU
		{05AED20A-815E-4E3A-8DCB-C8D95A3FCF89}.Release|x86.Build.0 = Release|Any CPU
		{829CA86F-1E97-41A7-9C4E-5537E5D85F8B}.Debug|Any CPU.ActiveCfg = Debug|Any CPU
		{829CA86F-1E97-41A7-9C4E-5537E5D85F8B}.Debug|Any CPU.Build.0 = Debug|Any CPU
		{829CA86F-1E97-41A7-9C4E-5537E5D85F8B}.Debug|x64.ActiveCfg = Debug|Any CPU
		{829CA86F-1E97-41A7-9C4E-5537E5D85F8B}.Debug|x64.Build.0 = Debug|Any CPU
		{829CA86F-1E97-41A7-9C4E-5537E5D85F8B}.Debug|x86.ActiveCfg = Debug|Any CPU
		{829CA86F-1E97-41A7-9C4E-5537E5D85F8B}.Debug|x86.Build.0 = Debug|Any CPU
		{829CA86F-1E97-41A7-9C4E-5537E5D85F8B}.Release|Any CPU.ActiveCfg = Release|Any CPU
		{829CA86F-1E97-41A7-9C4E-5537E5D85F8B}.Release|Any CPU.Build.0 = Release|Any CPU
		{829CA86F-1E97-41A7-9C4E-5537E5D85F8B}.Release|x64.ActiveCfg = Release|Any CPU
		{829CA86F-1E97-41A7-9C4E-5537E5D85F8B}.Release|x64.Build.0 = Release|Any CPU
		{829CA86F-1E97-41A7-9C4E-5537E5D85F8B}.Release|x86.ActiveCfg = Release|Any CPU
		{829CA86F-1E97-41A7-9C4E-5537E5D85F8B}.Release|x86.Build.0 = Release|Any CPU
		{1F7746A3-81CD-4879-8B42-A1F6ED8492F0}.Debug|Any CPU.ActiveCfg = Debug|Any CPU
		{1F7746A3-81CD-4879-8B42-A1F6ED8492F0}.Debug|Any CPU.Build.0 = Debug|Any CPU
		{1F7746A3-81CD-4879-8B42-A1F6ED8492F0}.Debug|x64.ActiveCfg = Debug|Any CPU
		{1F7746A3-81CD-4879-8B42-A1F6ED8492F0}.Debug|x64.Build.0 = Debug|Any CPU
		{1F7746A3-81CD-4879-8B42-A1F6ED8492F0}.Debug|x86.ActiveCfg = Debug|Any CPU
		{1F7746A3-81CD-4879-8B42-A1F6ED8492F0}.Debug|x86.Build.0 = Debug|Any CPU
		{1F7746A3-81CD-4879-8B42-A1F6ED8492F0}.Release|Any CPU.ActiveCfg = Release|Any CPU
		{1F7746A3-81CD-4879-8B42-A1F6ED8492F0}.Release|Any CPU.Build.0 = Release|Any CPU
		{1F7746A3-81CD-4879-8B42-A1F6ED8492F0}.Release|x64.ActiveCfg = Release|Any CPU
		{1F7746A3-81CD-4879-8B42-A1F6ED8492F0}.Release|x64.Build.0 = Release|Any CPU
		{1F7746A3-81CD-4879-8B42-A1F6ED8492F0}.Release|x86.ActiveCfg = Release|Any CPU
		{1F7746A3-81CD-4879-8B42-A1F6ED8492F0}.Release|x86.Build.0 = Release|Any CPU
	EndGlobalSection
	GlobalSection(SolutionProperties) = preSolution
		HideSolutionNode = FALSE
	EndGlobalSection
	GlobalSection(ExtensibilityGlobals) = postSolution
		SolutionGuid = {B53E1F44-854D-4592-83D8-CDB5E9EADDB6}
	EndGlobalSection
EndGlobal
